
Microsoft Visual Studio Solution File, Format Version 12.00
# Visual Studio Version 17
VisualStudioVersion = 17.7.34031.279
MinimumVisualStudioVersion = 10.0.40219.1
Project("{FAE04EC0-301F-11D3-BF4B-00C04F79EFBC}") = "Ecommerce.Api", "Ecommerce.Api\Ecommerce.Api.csproj", "{2B27F2F3-EA3C-4C79-A4A5-F7D9747DCE52}"
EndProject
Global
	GlobalSection(SolutionConfigurationPlatforms) = preSolution
		Debug|Any CPU = Debug|Any CPU
		Release|Any CPU = Release|Any CPU
	EndGlobalSection
	GlobalSection(ProjectConfigurationPlatforms) = postSolution
		{2B27F2F3-EA3C-4C79-A4A5-F7D9747DCE52}.Debug|Any CPU.ActiveCfg = Debug|Any CPU
		{2B27F2F3-EA3C-4C79-A4A5-F7D9747DCE52}.Debug|Any CPU.Build.0 = Debug|Any CPU
		{2B27F2F3-EA3C-4C79-A4A5-F7D9747DCE52}.Release|Any CPU.ActiveCfg = Release|Any CPU
		{2B27F2F3-EA3C-4C79-A4A5-F7D9747DCE52}.Release|Any CPU.Build.0 = Release|Any CPU
	EndGlobalSection
	GlobalSection(SolutionProperties) = preSolution
		HideSolutionNode = FALSE
	EndGlobalSection
	GlobalSection(ExtensibilityGlobals) = postSolution
		SolutionGuid = {46BD4830-5E4F-411E-BAC0-FCD5B63069A1}
	EndGlobalSection
EndGlobal
